# This file may be used to create an environment using:
# $ conda create --name <env> --file <this file>
# platform: linux-64
@EXPLICIT
https://conda.anaconda.org/conda-forge/linux-64/_libgcc_mutex-0.1-conda_forge.tar.bz2#d7c89558ba9fa0495403155b64376d81
https://conda.anaconda.org/conda-forge/linux-64/libgomp-14.1.0-h77fa898_0.conda#ae061a5ed5f05818acdf9adab72c146d
https://conda.anaconda.org/conda-forge/linux-64/_openmp_mutex-4.5-2_gnu.tar.bz2#73aaf86a425cc6e73fcf236a5a46396d
https://conda.anaconda.org/conda-forge/noarch/_sysroot_linux-64_curr_repodata_hack-3-h69a702a_16.conda#1c005af0c6ff22814b7c52ee448d4bea
https://conda.anaconda.org/conda-forge/linux-64/libgcc-ng-14.1.0-h77fa898_0.conda#ca0fad6a41ddaef54a153b78eccb5037
https://conda.anaconda.org/conda-forge/linux-64/bzip2-1.0.8-h4bc722e_7.conda#62ee74e96c5ebb0af99386de58cf9553
https://conda.anaconda.org/conda-forge/linux-64/ld_impl_linux-64-2.36.1-hea4e1c9_2.tar.bz2#bd4f2e711b39af170e7ff15163fe87ee
https://conda.anaconda.org/conda-forge/linux-64/libexpat-2.6.2-h59595ed_0.conda#e7ba12deb7020dd080c6c70e7b6f6a3d
https://conda.anaconda.org/conda-forge/linux-64/libffi-3.4.2-h7f98852_5.tar.bz2#d645c6d2ac96843a2bfaccd2d62b3ac3
https://conda.anaconda.org/conda-forge/linux-64/libnsl-2.0.1-hd590300_0.conda#30fd6e37fe21f86f4bd26d6ee73eeec7
https://conda.anaconda.org/conda-forge/linux-64/libzlib-1.3.1-h4ab18f5_1.conda#57d7dc60e9325e3de37ff8dffd18e814
https://conda.anaconda.org/conda-forge/linux-64/libsqlite-3.46.0-hde9e2c9_0.conda#18aa975d2094c34aef978060ae7da7d8
https://conda.anaconda.org/conda-forge/linux-64/libuuid-2.38.1-h0b41bf4_0.conda#40b61aab5c7ba9ff276c41cfffe6b80b
https://conda.anaconda.org/conda-forge/linux-64/libxcrypt-4.4.36-hd590300_1.conda#5aa797f8787fe7a17d1b0821485b5adc
https://conda.anaconda.org/conda-forge/linux-64/ncurses-6.5-h59595ed_0.conda#fcea371545eda051b6deafb24889fc69
https://conda.anaconda.org/conda-forge/linux-64/ca-certificates-2024.7.4-hbcca054_0.conda#23ab7665c5f63cfb9f1f6195256daac6
https://conda.anaconda.org/conda-forge/linux-64/openssl-3.3.1-h4ab18f5_1.conda#b1e9d076f14e8d776213fd5047b4c3d9
https://conda.anaconda.org/conda-forge/linux-64/readline-8.2-h8228510_1.conda#47d31b792659ce70f470b5c82fdfb7a4
https://conda.anaconda.org/conda-forge/linux-64/tk-8.6.13-noxft_h4845f30_101.conda#d453b98d9c83e71da0741bb0ff4d76bc
https://conda.anaconda.org/conda-forge/noarch/tzdata-2024a-h0c530f3_0.conda#161081fc7cec0bfda0d86d7cb595f8d8
https://conda.anaconda.org/conda-forge/linux-64/xz-5.2.6-h166bdaf_0.tar.bz2#2161070d867d1b1204ea749c8eec4ef0
https://conda.anaconda.org/conda-forge/linux-64/python-3.12.4-h194c7f8_0_cpython.conda#d73490214f536cccb5819e9873048c92
https://conda.anaconda.org/conda-forge/noarch/zipp-3.19.2-pyhd8ed1ab_0.conda#49808e59df5535116f6878b2a820d6f4
https://conda.anaconda.org/conda-forge/noarch/importlib-metadata-8.0.0-pyha770c72_0.conda#3286556cdd99048d198f72c3f6f69103
https://conda.anaconda.org/conda-forge/noarch/importlib_resources-6.4.0-pyhd8ed1ab_0.conda#c5d3907ad8bd7bf557521a1833cf7e6d
https://conda.anaconda.org/conda-forge/linux-64/python_abi-3.12-4_cp312.conda#dccc2d142812964fcc6abdc97b672dff
https://conda.anaconda.org/conda-forge/linux-64/markupsafe-2.1.5-py312h98912ed_0.conda#6ff0b9582da2d4a74a1f9ae1f9ce2af6
https://conda.anaconda.org/conda-forge/noarch/mako-1.3.5-pyhd8ed1ab_0.conda#29fddbfa0e2361636a98de4f46ead2ac
https://conda.anaconda.org/conda-forge/linux-64/libstdcxx-ng-14.1.0-hc0a3c3a_0.conda#1cb187a157136398ddbaae90713e2498
https://conda.anaconda.org/conda-forge/linux-64/greenlet-3.0.3-py312h30efb56_0.conda#a8a85268e01ddee952f4105f3a8122a4
https://conda.anaconda.org/conda-forge/noarch/typing_extensions-4.12.2-pyha770c72_0.conda#ebe6952715e1d5eb567eeebf25250fa7
https://conda.anaconda.org/conda-forge/noarch/typing-extensions-4.12.2-hd8ed1ab_0.conda#52d648bd608f5737b123f510bb5514b5
https://conda.anaconda.org/conda-forge/linux-64/sqlalchemy-2.0.31-py312h9a8786e_0.conda#81b5a42f9aca877913472eeae0018165
https://conda.anaconda.org/conda-forge/noarch/alembic-1.13.2-pyhd8ed1ab_0.conda#0045ed5e28a7f2c252a30442408b36c4
https://conda.anaconda.org/conda-forge/noarch/kernel-headers_linux-64-3.10.0-h4a8ded7_16.conda#ff7f38675b226cfb855aebfc32a13e31
https://conda.anaconda.org/conda-forge/noarch/sysroot_linux-64-2.17-h4a8ded7_16.conda#223fe8a3ff6d5e78484a9d58eb34d055
https://conda.anaconda.org/conda-forge/linux-64/binutils_impl_linux-64-2.36.1-h193b22a_2.tar.bz2#32aae4265554a47ea77f7c09f86aeb3b
https://conda.anaconda.org/conda-forge/linux-64/c-ares-1.32.2-h4bc722e_0.conda#8024af1ee7078e37fa3101c0a0296af2
https://conda.anaconda.org/conda-forge/linux-64/keyutils-1.6.1-h166bdaf_0.tar.bz2#30186d27e2c9fa62b45fb1476b7200e3
https://conda.anaconda.org/conda-forge/linux-64/libedit-3.1.20191231-he28a2e2_2.tar.bz2#4d331e44109e3f0e19b4cb8f9b82f3e1
https://conda.anaconda.org/conda-forge/linux-64/krb5-1.21.3-h659f571_0.conda#3f43953b7d3fb3aaa1d0d0723d91e368
https://conda.anaconda.org/conda-forge/linux-64/libev-4.33-hd590300_2.conda#172bf1cd1ff8629f2b1179945ed45055
https://conda.anaconda.org/conda-forge/linux-64/libnghttp2-1.58.0-h47da74e_1.conda#700ac6ea6d53d5510591c4344d5c989a
https://conda.anaconda.org/conda-forge/linux-64/libssh2-1.11.0-h0841786_0.conda#1f5a58e686b13bcfde88b93f547d23fe
https://conda.anaconda.org/conda-forge/linux-64/zstd-1.5.6-ha6fb4c9_0.conda#4d056880988120e29d75bfff282e0f45
https://conda.anaconda.org/conda-forge/linux-64/libcurl-8.8.0-hca28451_1.conda#b8afb3e3cb3423cc445cf611ab95fdb0
https://conda.anaconda.org/conda-forge/linux-64/libuv-1.48.0-hd590300_0.conda#7e8b914b1062dd4386e3de4d82a3ead6
https://conda.anaconda.org/conda-forge/linux-64/rhash-1.4.4-hd590300_0.conda#ec972a9a2925ac8d7a19eb9606561fff
https://conda.anaconda.org/conda-forge/linux-64/cmake-3.30.0-hf8c4bd3_0.conda#4f288b310a0df17c20b6237f19b8c790
https://conda.anaconda.org/conda-forge/noarch/colorama-0.4.6-pyhd8ed1ab_0.tar.bz2#3faab06a954c2a04039983f2c4a50d99
https://conda.anaconda.org/conda-forge/linux-64/colorlog-6.8.2-py312h7900ff3_0.conda#0c03a414b685c2406126b677a8f0e083
https://conda.anaconda.org/conda-forge/linux-64/eigen-3.4.0-h00ab1b0_0.conda#b1b879d6d093f55dd40d58b5eb2f0699
https://conda.anaconda.org/conda-forge/noarch/exceptiongroup-1.2.2-pyhd8ed1ab_0.conda#d02ae936e42063ca46af6cdad2dbd1e0
https://conda.anaconda.org/conda-forge/linux-64/fmt-7.1.3-h0efe328_0.tar.bz2#a1ca570b032fd5a476630019691ee4b1
https://conda.anaconda.org/conda-forge/linux-64/libgcc-devel_linux-64-11.2.0-h0952999_16.tar.bz2#c17d42a971030d4c072ef7f7ba3f8d21
https://conda.anaconda.org/conda-forge/linux-64/libsanitizer-11.2.0-he4da1e4_16.tar.bz2#70c0020fb2094fd51fe12462e8cde942
https://conda.anaconda.org/conda-forge/linux-64/gcc_impl_linux-64-11.2.0-h82a94d6_16.tar.bz2#76103d932fc706148b619b815580f244
https://conda.anaconda.org/conda-forge/linux-64/gcc-11.2.0-h702ea55_10.tar.bz2#ca5d248bffcc090bc865daa3cb1f3269
https://conda.anaconda.org/conda-forge/linux-64/gmp-6.3.0-hac33072_2.conda#c94a5994ef49749880a8139cf9afcbe1
https://conda.anaconda.org/conda-forge/linux-64/mpfr-4.2.1-h9458935_1.conda#8083b20f566639c22f78bcd6ca35b276
https://conda.anaconda.org/conda-forge/linux-64/mpc-1.3.1-hfe3b2da_0.conda#289c71e83dc0daa7d4c81f04180778ca
https://conda.anaconda.org/conda-forge/linux-64/gmpy2-2.1.5-py312h1d5cde6_1.conda#27abd7664bc87595bd98b6306b8393d1
https://conda.anaconda.org/conda-forge/linux-64/libstdcxx-devel_linux-64-11.2.0-h0952999_16.tar.bz2#4e09ad2b131f737225a6421a2208a1cf
https://conda.anaconda.org/conda-forge/linux-64/gxx_impl_linux-64-11.2.0-h82a94d6_16.tar.bz2#a19169a55d642397ce9ece190414e4f0
https://conda.anaconda.org/conda-forge/linux-64/gxx-11.2.0-h702ea55_10.tar.bz2#3e2c501b26e1fd2964f4214552190c42
https://conda.anaconda.org/conda-forge/noarch/iniconfig-2.0.0-pyhd8ed1ab_0.conda#f800d2da156d08e289b14e87e43c1ae5
https://conda.anaconda.org/conda-forge/noarch/setuptools-70.3.0-pyhd8ed1ab_0.conda#693bb57e8f92120caa956898065f3627
https://conda.anaconda.org/conda-forge/noarch/joblib-1.4.2-pyhd8ed1ab_0.conda#25df261d4523d9f9783bcdb7208d872f
https://conda.anaconda.org/conda-forge/linux-64/libgfortran5-14.1.0-hc5f4f2c_0.conda#6456c2620c990cd8dde2428a27ba0bc5
https://conda.anaconda.org/conda-forge/linux-64/libgfortran-ng-14.1.0-h69a702a_0.conda#f4ca84fbd6d06b0a052fb2d5b96dde41
https://conda.anaconda.org/conda-forge/linux-64/libopenblas-0.3.27-pthreads_hac2b453_1.conda#ae05ece66d3924ac3d48b4aa3fa96cec
https://conda.anaconda.org/conda-forge/linux-64/libblas-3.9.0-22_linux64_openblas.conda#1a2a0cd3153464fee6646f3dd6dad9b8
https://conda.anaconda.org/conda-forge/linux-64/libcblas-3.9.0-22_linux64_openblas.conda#4b31699e0ec5de64d5896e580389c9a1
https://conda.anaconda.org/conda-forge/linux-64/liblapack-3.9.0-22_linux64_openblas.conda#b083767b6c877e24ee597d93b87ab838
https://conda.anaconda.org/conda-forge/noarch/mpmath-1.3.0-pyhd8ed1ab_0.conda#dbf6e2d89137da32fa6670f3bffc024e
https://conda.anaconda.org/conda-forge/linux-64/numpy-2.0.0-py312h22e1c76_0.conda#7956c7d65f87aecaba720af6088e72c3
https://conda.anaconda.org/conda-forge/noarch/packaging-24.1-pyhd8ed1ab_0.conda#cbe1bb1f21567018ce595d9c2be0f0db
https://conda.anaconda.org/conda-forge/linux-64/yaml-0.2.5-h7f98852_2.tar.bz2#4cb3ad778ec2d5a7acbdf254eb1c42ae
https://conda.anaconda.org/conda-forge/linux-64/pyyaml-6.0.1-py312h98912ed_1.conda#e3fd78d8d490af1d84763b9fe3f2e552
https://conda.anaconda.org/conda-forge/noarch/tqdm-4.66.4-pyhd8ed1ab_0.conda#e74cd796e70a4261f86699ee0a3a7a24
https://conda.anaconda.org/conda-forge/noarch/optuna-3.6.1-pyhd8ed1ab_0.conda#273ddb880fe3dda9602c4a28a2be7f23
https://conda.anaconda.org/conda-forge/noarch/six-1.16.0-pyh6c4a22f_0.tar.bz2#e5f25f8dbc060e9a8d912e432202afc2
https://conda.anaconda.org/conda-forge/noarch/python-dateutil-2.9.0-pyhd8ed1ab_0.conda#2cf4264fffb9e6eff6031c5b6884d61c
https://conda.anaconda.org/conda-forge/noarch/python-tzdata-2024.1-pyhd8ed1ab_0.conda#98206ea9954216ee7540f0c773f2104d
https://conda.anaconda.org/conda-forge/noarch/pytz-2024.1-pyhd8ed1ab_0.conda#3eeeeb9e4827ace8c0c1419c85d590ad
https://conda.anaconda.org/conda-forge/linux-64/pandas-2.2.2-py312h1d6d2e6_1.conda#ae00b61f3000d2284d1f2584d4dfafa8
https://conda.anaconda.org/conda-forge/noarch/wheel-0.43.0-pyhd8ed1ab_1.conda#0b5293a157c2b5cd513dd1b03d8d3aae
https://conda.anaconda.org/conda-forge/noarch/pip-24.0-pyhd8ed1ab_0.conda#f586ac1e56c8638b64f9c8122a7b8a67
https://conda.anaconda.org/conda-forge/linux-64/pkg-config-0.29.2-h4bc722e_1009.conda#1bee70681f504ea424fb07cdb090c001
https://conda.anaconda.org/conda-forge/noarch/pluggy-1.5.0-pyhd8ed1ab_0.conda#d3483c8fc2dc2cc3f5cf43e26d60cabf
https://conda.anaconda.org/conda-forge/linux-64/pybind11-global-2.13.1-py312h2492b07_0.conda#f9f9d462b91c456cf6211009b6e19322
https://conda.anaconda.org/conda-forge/linux-64/pybind11-2.13.1-py312h2492b07_0.conda#b162c9f8a4c1a9c01fed820b4def51c4
https://conda.anaconda.org/conda-forge/noarch/tomli-2.0.1-pyhd8ed1ab_0.tar.bz2#5844808ffab9ebdb694585b50ba02a96
https://conda.anaconda.org/conda-forge/noarch/pytest-8.2.2-pyhd8ed1ab_0.conda#0f3f49c22c7ef3a1195fa61dad3c43be
https://conda.anaconda.org/conda-forge/linux-64/scipy-1.14.0-py312hc2bc53b_1.conda#eae80145f63aa04a02dda456d4883b46
https://conda.anaconda.org/conda-forge/noarch/threadpoolctl-3.5.0-pyhc1e730c_0.conda#df68d78237980a159bd7149f33c0e8fd
https://conda.anaconda.org/conda-forge/linux-64/scikit-learn-1.5.1-py312h775a589_0.conda#bd8c79ccb9498336cbb174cf0151024a
https://conda.anaconda.org/conda-forge/noarch/sympy-1.13.0-pypyh2585a3b_103.conda#be7ad175eb670a83ff575f86e53c57fb
https://conda.anaconda.org/conda-forge/linux-64/taskflow-3.3.0-h4bd325d_0.tar.bz2#f973797cd33d6e8c5fffa4263abc6192
https://conda.anaconda.org/conda-forge/linux-64/xxhash-0.8.2-hd590300_0.conda#f08fb5c89edfc4aadee1c81d4cfb1fa1
